
Microsoft Visual Studio Solution File, Format Version 12.00
# Visual Studio Version 17
VisualStudioVersion = 17.12.35506.116 d17.12
MinimumVisualStudioVersion = 10.0.40219.1
Project("{FAE04EC0-301F-11D3-BF4B-00C04F79EFBC}") = "Pmail", "Pmail\Pmail.csproj", "{7F31A243-05EF-465F-914D-CD0590804284}"
EndProject
Project("{FAE04EC0-301F-11D3-BF4B-00C04F79EFBC}") = "Pmail.Tests.MSTest", "Pmail.Tests.MSTest\Pmail.Tests.MSTest.csproj", "{87218E0B-83E2-4CE4-97A4-CE880B111ADC}"
EndProject
Project("{FAE04EC0-301F-11D3-BF4B-00C04F79EFBC}") = "Pmail.Core", "Pmail.Core\Pmail.Core.csproj", "{DAC30958-3188-4BA6-B29B-648E65D7089A}"
EndProject
Global
	GlobalSection(SolutionConfigurationPlatforms) = preSolution
		Debug|ARM = Debug|ARM
		Debug|ARM64 = Debug|ARM64
		Debug|x64 = Debug|x64
		Debug|x86 = Debug|x86
		Release|ARM = Release|ARM
		Release|ARM64 = Release|ARM64
		Release|x64 = Release|x64
		Release|x86 = Release|x86
	EndGlobalSection
	GlobalSection(ProjectConfigurationPlatforms) = postSolution
		{7F31A243-05EF-465F-914D-CD0590804284}.Debug|ARM.ActiveCfg = Debug|ARM
		{7F31A243-05EF-465F-914D-CD0590804284}.Debug|ARM.Build.0 = Debug|ARM
		{7F31A243-05EF-465F-914D-CD0590804284}.Debug|ARM.Deploy.0 = Debug|ARM
		{7F31A243-05EF-465F-914D-CD0590804284}.Debug|ARM64.ActiveCfg = Debug|ARM64
		{7F31A243-05EF-465F-914D-CD0590804284}.Debug|ARM64.Build.0 = Debug|ARM64
		{7F31A243-05EF-465F-914D-CD0590804284}.Debug|ARM64.Deploy.0 = Debug|ARM64
		{7F31A243-05EF-465F-914D-CD0590804284}.Debug|x64.ActiveCfg = Debug|x64
		{7F31A243-05EF-465F-914D-CD0590804284}.Debug|x64.Build.0 = Debug|x64
		{7F31A243-05EF-465F-914D-CD0590804284}.Debug|x64.Deploy.0 = Debug|x64
		{7F31A243-05EF-465F-914D-CD0590804284}.Debug|x86.ActiveCfg = Debug|x86
		{7F31A243-05EF-465F-914D-CD0590804284}.Debug|x86.Build.0 = Debug|x86
		{7F31A243-05EF-465F-914D-CD0590804284}.Debug|x86.Deploy.0 = Debug|x86
		{7F31A243-05EF-465F-914D-CD0590804284}.Release|ARM.ActiveCfg = Release|ARM
		{7F31A243-05EF-465F-914D-CD0590804284}.Release|ARM.Build.0 = Release|ARM
		{7F31A243-05EF-465F-914D-CD0590804284}.Release|ARM.Deploy.0 = Release|ARM
		{7F31A243-05EF-465F-914D-CD0590804284}.Release|ARM64.ActiveCfg = Release|ARM64
		{7F31A243-05EF-465F-914D-CD0590804284}.Release|ARM64.Build.0 = Release|ARM64
		{7F31A243-05EF-465F-914D-CD0590804284}.Release|ARM64.Deploy.0 = Release|ARM64
		{7F31A243-05EF-465F-914D-CD0590804284}.Release|x64.ActiveCfg = Release|x64
		{7F31A243-05EF-465F-914D-CD0590804284}.Release|x64.Build.0 = Release|x64
		{7F31A243-05EF-465F-914D-CD0590804284}.Release|x64.Deploy.0 = Release|x64
		{7F31A243-05EF-465F-914D-CD0590804284}.Release|x86.ActiveCfg = Release|x86
		{7F31A243-05EF-465F-914D-CD0590804284}.Release|x86.Build.0 = Release|x86
		{7F31A243-05EF-465F-914D-CD0590804284}.Release|x86.Deploy.0 = Release|x86
		{87218E0B-83E2-4CE4-97A4-CE880B111ADC}.Debug|ARM.ActiveCfg = Debug|ARM
		{87218E0B-83E2-4CE4-97A4-CE880B111ADC}.Debug|ARM.Build.0 = Debug|ARM
		{87218E0B-83E2-4CE4-97A4-CE880B111ADC}.Debug|ARM.Deploy.0 = Debug|ARM
		{87218E0B-83E2-4CE4-97A4-CE880B111ADC}.Debug|ARM64.ActiveCfg = Debug|x64
		{87218E0B-83E2-4CE4-97A4-CE880B111ADC}.Debug|ARM64.Build.0 = Debug|x64
		{87218E0B-83E2-4CE4-97A4-CE880B111ADC}.Debug|ARM64.Deploy.0 = Debug|x64
		{87218E0B-83E2-4CE4-97A4-CE880B111ADC}.Debug|x64.ActiveCfg = Debug|x64
		{87218E0B-83E2-4CE4-97A4-CE880B111ADC}.Debug|x64.Build.0 = Debug|x64
		{87218E0B-83E2-4CE4-97A4-CE880B111ADC}.Debug|x64.Deploy.0 = Debug|x64
		{87218E0B-83E2-4CE4-97A4-CE880B111ADC}.Debug|x86.ActiveCfg = Debug|x86
		{87218E0B-83E2-4CE4-97A4-CE880B111ADC}.Debug|x86.Build.0 = Debug|x86
		{87218E0B-83E2-4CE4-97A4-CE880B111ADC}.Debug|x86.Deploy.0 = Debug|x86
		{87218E0B-83E2-4CE4-97A4-CE880B111ADC}.Release|ARM.ActiveCfg = Release|ARM
		{87218E0B-83E2-4CE4-97A4-CE880B111ADC}.Release|ARM.Build.0 = Release|ARM
		{87218E0B-83E2-4CE4-97A4-CE880B111ADC}.Release|ARM.Deploy.0 = Release|ARM
		{87218E0B-83E2-4CE4-97A4-CE880B111ADC}.Release|ARM64.ActiveCfg = Release|x64
		{87218E0B-83E2-4CE4-97A4-CE880B111ADC}.Release|ARM64.Build.0 = Release|x64
		{87218E0B-83E2-4CE4-97A4-CE880B111ADC}.Release|ARM64.Deploy.0 = Release|x64
		{87218E0B-83E2-4CE4-97A4-CE880B111ADC}.Release|x64.ActiveCfg = Release|x64
		{87218E0B-83E2-4CE4-97A4-CE880B111ADC}.Release|x64.Build.0 = Release|x64
		{87218E0B-83E2-4CE4-97A4-CE880B111ADC}.Release|x64.Deploy.0 = Release|x64
		{87218E0B-83E2-4CE4-97A4-CE880B111ADC}.Release|x86.ActiveCfg = Release|x86
		{87218E0B-83E2-4CE4-97A4-CE880B111ADC}.Release|x86.Build.0 = Release|x86
		{87218E0B-83E2-4CE4-97A4-CE880B111ADC}.Release|x86.Deploy.0 = Release|x86
		{DAC30958-3188-4BA6-B29B-648E65D7089A}.Debug|ARM.ActiveCfg = Debug|Any CPU
		{DAC30958-3188-4BA6-B29B-648E65D7089A}.Debug|ARM.Build.0 = Debug|Any CPU
		{DAC30958-3188-4BA6-B29B-648E65D7089A}.Debug|ARM64.ActiveCfg = Debug|Any CPU
		{DAC30958-3188-4BA6-B29B-648E65D7089A}.Debug|ARM64.Build.0 = Debug|Any CPU
		{DAC30958-3188-4BA6-B29B-648E65D7089A}.Debug|x64.ActiveCfg = Debug|Any CPU
		{DAC30958-3188-4BA6-B29B-648E65D7089A}.Debug|x64.Build.0 = Debug|Any CPU
		{DAC30958-3188-4BA6-B29B-648E65D7089A}.Debug|x86.ActiveCfg = Debug|Any CPU
		{DAC30958-3188-4BA6-B29B-648E65D7089A}.Debug|x86.Build.0 = Debug|Any CPU
		{DAC30958-3188-4BA6-B29B-648E65D7089A}.Release|ARM.ActiveCfg = Release|Any CPU
		{DAC30958-3188-4BA6-B29B-648E65D7089A}.Release|ARM.Build.0 = Release|Any CPU
		{DAC30958-3188-4BA6-B29B-648E65D7089A}.Release|ARM64.ActiveCfg = Release|Any CPU
		{DAC30958-3188-4BA6-B29B-648E65D7089A}.Release|ARM64.Build.0 = Release|Any CPU
		{DAC30958-3188-4BA6-B29B-648E65D7089A}.Release|x64.ActiveCfg = Release|Any CPU
		{DAC30958-3188-4BA6-B29B-648E65D7089A}.Release|x64.Build.0 = Release|Any CPU
		{DAC30958-3188-4BA6-B29B-648E65D7089A}.Release|x86.ActiveCfg = Release|Any CPU
		{DAC30958-3188-4BA6-B29B-648E65D7089A}.Release|x86.Build.0 = Release|Any CPU
	EndGlobalSection
	GlobalSection(SolutionProperties) = preSolution
		HideSolutionNode = FALSE
	EndGlobalSection
EndGlobal
